
Microsoft Visual Studio Solution File, Format Version 12.00
# Visual Studio Version 16
VisualStudioVersion = 16.0.31624.102
MinimumVisualStudioVersion = 10.0.40219.1
Project("{FAE04EC0-301F-11D3-BF4B-00C04F79EFBC}") = "ManagerMessageFb", "ManagerMessageFb\ManagerMessageFb.csproj", "{A87ECB86-9353-4885-9A2D-0543506CC7E1}"
EndProject
Global
	GlobalSection(SolutionConfigurationPlatforms) = preSolution
		Debug|Any CPU = Debug|Any CPU
		Release|Any CPU = Release|Any CPU
	EndGlobalSection
	GlobalSection(ProjectConfigurationPlatforms) = postSolution
		{A87ECB86-9353-4885-9A2D-0543506CC7E1}.Debug|Any CPU.ActiveCfg = Debug|Any CPU
		{A87ECB86-9353-4885-9A2D-0543506CC7E1}.Debug|Any CPU.Build.0 = Debug|Any CPU
		{A87ECB86-9353-4885-9A2D-0543506CC7E1}.Release|Any CPU.ActiveCfg = Release|Any CPU
		{A87ECB86-9353-4885-9A2D-0543506CC7E1}.Release|Any CPU.Build.0 = Release|Any CPU
	EndGlobalSection
	GlobalSection(SolutionProperties) = preSolution
		HideSolutionNode = FALSE
	EndGlobalSection
	GlobalSection(ExtensibilityGlobals) = postSolution
		SolutionGuid = {F036F3B9-D08F-4DAA-B63E-3204809013B0}
	EndGlobalSection
EndGlobal
